// !$*UTF8*$!
{
	archiveVersion = 1;
	classes = {
	};
	objectVersion = 46;
	objects = {

/* Begin PBXBuildFile section */
		5D4C98211DD4DF9C00327AA1 /* AppDelegate.swift in Sources */ = {isa = PBXBuildFile; fileRef = 5D4C98201DD4DF9C00327AA1 /* AppDelegate.swift */; };
		5D4C98231DD4DF9C00327AA1 /* ViewController.swift in Sources */ = {isa = PBXBuildFile; fileRef = 5D4C98221DD4DF9C00327AA1 /* ViewController.swift */; };
		5D4C98261DD4DF9C00327AA1 /* Main.storyboard in Resources */ = {isa = PBXBuildFile; fileRef = 5D4C98241DD4DF9C00327AA1 /* Main.storyboard */; };
		5D4C98281DD4DF9C00327AA1 /* Assets.xcassets in Resources */ = {isa = PBXBuildFile; fileRef = 5D4C98271DD4DF9C00327AA1 /* Assets.xcassets */; };
		5D4C982B1DD4DF9C00327AA1 /* LaunchScreen.storyboard in Resources */ = {isa = PBXBuildFile; fileRef = 5D4C98291DD4DF9C00327AA1 /* LaunchScreen.storyboard */; };
		5D4C98361DD4DF9C00327AA1 /* VirtualTouristTests.swift in Sources */ = {isa = PBXBuildFile; fileRef = 5D4C98351DD4DF9C00327AA1 /* VirtualTouristTests.swift */; };
		5D4C98411DD4DF9C00327AA1 /* VirtualTouristUITests.swift in Sources */ = {isa = PBXBuildFile; fileRef = 5D4C98401DD4DF9C00327AA1 /* VirtualTouristUITests.swift */; };
		5D4C98501DD4E01800327AA1 /* FlickrClient.swift in Sources */ = {isa = PBXBuildFile; fileRef = 5D4C984F1DD4E01800327AA1 /* FlickrClient.swift */; };
		5D4C98521DD4E04D00327AA1 /* FlickrConstants.swift in Sources */ = {isa = PBXBuildFile; fileRef = 5D4C98511DD4E04D00327AA1 /* FlickrConstants.swift */; };
		5D5FD6491DEE0F9E00D7819A /* Model.xcdatamodeld in Sources */ = {isa = PBXBuildFile; fileRef = 5D5FD6471DEE0F9E00D7819A /* Model.xcdatamodeld */; };
		5D5FD64E1DEE10C200D7819A /* Photo.swift in Sources */ = {isa = PBXBuildFile; fileRef = 5D5FD64A1DEE10C200D7819A /* Photo.swift */; };
		5D5FD64F1DEE10C200D7819A /* Photo+CoreDataProperties.swift in Sources */ = {isa = PBXBuildFile; fileRef = 5D5FD64B1DEE10C200D7819A /* Photo+CoreDataProperties.swift */; };
		5D5FD6501DEE10C200D7819A /* Pin.swift in Sources */ = {isa = PBXBuildFile; fileRef = 5D5FD64C1DEE10C200D7819A /* Pin.swift */; };
		5D5FD6511DEE10C200D7819A /* Pin+CoreDataProperties.swift in Sources */ = {isa = PBXBuildFile; fileRef = 5D5FD64D1DEE10C200D7819A /* Pin+CoreDataProperties.swift */; };
		5D6B861A1DF0727800280FEB /* PhotoCell.swift in Sources */ = {isa = PBXBuildFile; fileRef = 5D6B86191DF0727800280FEB /* PhotoCell.swift */; };
		5D6B861D1DF085D900280FEB /* MapViewController.swift in Sources */ = {isa = PBXBuildFile; fileRef = 5D6B861C1DF085D900280FEB /* MapViewController.swift */; };
		5DDDEBA61DEF59A3001947CB /* Store.swift in Sources */ = {isa = PBXBuildFile; fileRef = 5DDDEBA51DEF59A3001947CB /* Store.swift */; };
		5DDDEBA81DEF768A001947CB /* CollectionDataSource.swift in Sources */ = {isa = PBXBuildFile; fileRef = 5DDDEBA71DEF768A001947CB /* CollectionDataSource.swift */; };
		5DDDEBAA1DEF77EA001947CB /* LocationViewController.swift in Sources */ = {isa = PBXBuildFile; fileRef = 5DDDEBA91DEF77EA001947CB /* LocationViewController.swift */; };
		5DDDEBAC1DEF9205001947CB /* CoreDataStack.swift in Sources */ = {isa = PBXBuildFile; fileRef = 5DDDEBAB1DEF9205001947CB /* CoreDataStack.swift */; };
		5DE95D191DDA8379002A0EA2 /* FlickrConvenience.swift in Sources */ = {isa = PBXBuildFile; fileRef = 5DE95D181DDA8379002A0EA2 /* FlickrConvenience.swift */; };
/* End PBXBuildFile section */

/* Begin PBXContainerItemProxy section */
		5D4C98321DD4DF9C00327AA1 /* PBXContainerItemProxy */ = {
			isa = PBXContainerItemProxy;
			containerPortal = 5D4C98151DD4DF9B00327AA1 /* Project object */;
			proxyType = 1;
			remoteGlobalIDString = 5D4C981C1DD4DF9C00327AA1;
			remoteInfo = VirtualTourist;
		};
		5D4C983D1DD4DF9C00327AA1 /* PBXContainerItemProxy */ = {
			isa = PBXContainerItemProxy;
			containerPortal = 5D4C98151DD4DF9B00327AA1 /* Project object */;
			proxyType = 1;
			remoteGlobalIDString = 5D4C981C1DD4DF9C00327AA1;
			remoteInfo = VirtualTourist;
		};
/* End PBXContainerItemProxy section */

/* Begin PBXFileReference section */
		5D4C981D1DD4DF9C00327AA1 /* VirtualTourist.app */ = {isa = PBXFileReference; explicitFileType = wrapper.application; includeInIndex = 0; path = VirtualTourist.app; sourceTree = BUILT_PRODUCTS_DIR; };
		5D4C98201DD4DF9C00327AA1 /* AppDelegate.swift */ = {isa = PBXFileReference; lastKnownFileType = sourcecode.swift; path = AppDelegate.swift; sourceTree = "<group>"; };
		5D4C98221DD4DF9C00327AA1 /* ViewController.swift */ = {isa = PBXFileReference; lastKnownFileType = sourcecode.swift; path = ViewController.swift; sourceTree = "<group>"; };
		5D4C98251DD4DF9C00327AA1 /* Base */ = {isa = PBXFileReference; lastKnownFileType = file.storyboard; name = Base; path = Base.lproj/Main.storyboard; sourceTree = "<group>"; };
		5D4C98271DD4DF9C00327AA1 /* Assets.xcassets */ = {isa = PBXFileReference; lastKnownFileType = folder.assetcatalog; path = Assets.xcassets; sourceTree = "<group>"; };
		5D4C982A1DD4DF9C00327AA1 /* Base */ = {isa = PBXFileReference; lastKnownFileType = file.storyboard; name = Base; path = Base.lproj/LaunchScreen.storyboard; sourceTree = "<group>"; };
		5D4C982C1DD4DF9C00327AA1 /* Info.plist */ = {isa = PBXFileReference; lastKnownFileType = text.plist.xml; path = Info.plist; sourceTree = "<group>"; };
		5D4C98311DD4DF9C00327AA1 /* VirtualTouristTests.xctest */ = {isa = PBXFileReference; explicitFileType = wrapper.cfbundle; includeInIndex = 0; path = VirtualTouristTests.xctest; sourceTree = BUILT_PRODUCTS_DIR; };
		5D4C98351DD4DF9C00327AA1 /* VirtualTouristTests.swift */ = {isa = PBXFileReference; lastKnownFileType = sourcecode.swift; path = VirtualTouristTests.swift; sourceTree = "<group>"; };
		5D4C98371DD4DF9C00327AA1 /* Info.plist */ = {isa = PBXFileReference; lastKnownFileType = text.plist.xml; path = Info.plist; sourceTree = "<group>"; };
		5D4C983C1DD4DF9C00327AA1 /* VirtualTouristUITests.xctest */ = {isa = PBXFileReference; explicitFileType = wrapper.cfbundle; includeInIndex = 0; path = VirtualTouristUITests.xctest; sourceTree = BUILT_PRODUCTS_DIR; };
		5D4C98401DD4DF9C00327AA1 /* VirtualTouristUITests.swift */ = {isa = PBXFileReference; lastKnownFileType = sourcecode.swift; path = VirtualTouristUITests.swift; sourceTree = "<group>"; };
		5D4C98421DD4DF9C00327AA1 /* Info.plist */ = {isa = PBXFileReference; lastKnownFileType = text.plist.xml; path = Info.plist; sourceTree = "<group>"; };
		5D4C984F1DD4E01800327AA1 /* FlickrClient.swift */ = {isa = PBXFileReference; fileEncoding = 4; lastKnownFileType = sourcecode.swift; path = FlickrClient.swift; sourceTree = "<group>"; };
		5D4C98511DD4E04D00327AA1 /* FlickrConstants.swift */ = {isa = PBXFileReference; fileEncoding = 4; lastKnownFileType = sourcecode.swift; path = FlickrConstants.swift; sourceTree = "<group>"; };
		5D5FD6481DEE0F9E00D7819A /* Model.xcdatamodel */ = {isa = PBXFileReference; lastKnownFileType = wrapper.xcdatamodel; path = Model.xcdatamodel; sourceTree = "<group>"; };
		5D5FD64A1DEE10C200D7819A /* Photo.swift */ = {isa = PBXFileReference; fileEncoding = 4; lastKnownFileType = sourcecode.swift; name = Photo.swift; path = ../Photo.swift; sourceTree = "<group>"; };
		5D5FD64B1DEE10C200D7819A /* Photo+CoreDataProperties.swift */ = {isa = PBXFileReference; fileEncoding = 4; lastKnownFileType = sourcecode.swift; name = "Photo+CoreDataProperties.swift"; path = "../Photo+CoreDataProperties.swift"; sourceTree = "<group>"; };
		5D5FD64C1DEE10C200D7819A /* Pin.swift */ = {isa = PBXFileReference; fileEncoding = 4; lastKnownFileType = sourcecode.swift; name = Pin.swift; path = ../Pin.swift; sourceTree = "<group>"; };
		5D5FD64D1DEE10C200D7819A /* Pin+CoreDataProperties.swift */ = {isa = PBXFileReference; fileEncoding = 4; lastKnownFileType = sourcecode.swift; name = "Pin+CoreDataProperties.swift"; path = "../Pin+CoreDataProperties.swift"; sourceTree = "<group>"; };
		5D6B86191DF0727800280FEB /* PhotoCell.swift */ = {isa = PBXFileReference; fileEncoding = 4; lastKnownFileType = sourcecode.swift; path = PhotoCell.swift; sourceTree = "<group>"; };
		5D6B861B1DF07BFF00280FEB /* Model2.xcdatamodel */ = {isa = PBXFileReference; lastKnownFileType = wrapper.xcdatamodel; path = Model2.xcdatamodel; sourceTree = "<group>"; };
		5D6B861C1DF085D900280FEB /* MapViewController.swift */ = {isa = PBXFileReference; fileEncoding = 4; lastKnownFileType = sourcecode.swift; path = MapViewController.swift; sourceTree = "<group>"; };
		5D6B861E1DF0999B00280FEB /* Model3.xcdatamodel */ = {isa = PBXFileReference; lastKnownFileType = wrapper.xcdatamodel; path = Model3.xcdatamodel; sourceTree = "<group>"; };
		5DDDEBA51DEF59A3001947CB /* Store.swift */ = {isa = PBXFileReference; fileEncoding = 4; lastKnownFileType = sourcecode.swift; path = Store.swift; sourceTree = "<group>"; };
		5DDDEBA71DEF768A001947CB /* CollectionDataSource.swift */ = {isa = PBXFileReference; fileEncoding = 4; lastKnownFileType = sourcecode.swift; path = CollectionDataSource.swift; sourceTree = "<group>"; };
		5DDDEBA91DEF77EA001947CB /* LocationViewController.swift */ = {isa = PBXFileReference; fileEncoding = 4; lastKnownFileType = sourcecode.swift; path = LocationViewController.swift; sourceTree = "<group>"; };
		5DDDEBAB1DEF9205001947CB /* CoreDataStack.swift */ = {isa = PBXFileReference; fileEncoding = 4; lastKnownFileType = sourcecode.swift; path = CoreDataStack.swift; sourceTree = "<group>"; };
		5DE95D181DDA8379002A0EA2 /* FlickrConvenience.swift */ = {isa = PBXFileReference; fileEncoding = 4; lastKnownFileType = sourcecode.swift; path = FlickrConvenience.swift; sourceTree = "<group>"; };
/* End PBXFileReference section */

/* Begin PBXFrameworksBuildPhase section */
		5D4C981A1DD4DF9C00327AA1 /* Frameworks */ = {
			isa = PBXFrameworksBuildPhase;
			buildActionMask = 2147483647;
			files = (
			);
			runOnlyForDeploymentPostprocessing = 0;
		};
		5D4C982E1DD4DF9C00327AA1 /* Frameworks */ = {
			isa = PBXFrameworksBuildPhase;
			buildActionMask = 2147483647;
			files = (
			);
			runOnlyForDeploymentPostprocessing = 0;
		};
		5D4C98391DD4DF9C00327AA1 /* Frameworks */ = {
			isa = PBXFrameworksBuildPhase;
			buildActionMask = 2147483647;
			files = (
			);
			runOnlyForDeploymentPostprocessing = 0;
		};
/* End PBXFrameworksBuildPhase section */

/* Begin PBXGroup section */
		5D2C4F221DDD127E00ADA14A /* CoreData */ = {
			isa = PBXGroup;
			children = (
				5D5FD6471DEE0F9E00D7819A /* Model.xcdatamodeld */,
				5D5FD64A1DEE10C200D7819A /* Photo.swift */,
				5D5FD64B1DEE10C200D7819A /* Photo+CoreDataProperties.swift */,
				5D5FD64C1DEE10C200D7819A /* Pin.swift */,
				5D5FD64D1DEE10C200D7819A /* Pin+CoreDataProperties.swift */,
				5DDDEBA51DEF59A3001947CB /* Store.swift */,
				5DDDEBAB1DEF9205001947CB /* CoreDataStack.swift */,
			);
			name = CoreData;
			sourceTree = "<group>";
		};
		5D4C98141DD4DF9B00327AA1 = {
			isa = PBXGroup;
			children = (
				5D4C981F1DD4DF9C00327AA1 /* VirtualTourist */,
				5D4C98341DD4DF9C00327AA1 /* VirtualTouristTests */,
				5D4C983F1DD4DF9C00327AA1 /* VirtualTouristUITests */,
				5D4C981E1DD4DF9C00327AA1 /* Products */,
			);
			sourceTree = "<group>";
		};
		5D4C981E1DD4DF9C00327AA1 /* Products */ = {
			isa = PBXGroup;
			children = (
				5D4C981D1DD4DF9C00327AA1 /* VirtualTourist.app */,
				5D4C98311DD4DF9C00327AA1 /* VirtualTouristTests.xctest */,
				5D4C983C1DD4DF9C00327AA1 /* VirtualTouristUITests.xctest */,
			);
			name = Products;
			sourceTree = "<group>";
		};
		5D4C981F1DD4DF9C00327AA1 /* VirtualTourist */ = {
			isa = PBXGroup;
			children = (
				5D6B86181DF0724F00280FEB /* View */,
				5D4C984E1DD4DFBA00327AA1 /* Model */,
				5D5FD6521DEE151300D7819A /* Controller */,
				5D4C98201DD4DF9C00327AA1 /* AppDelegate.swift */,
				5D4C98241DD4DF9C00327AA1 /* Main.storyboard */,
				5D4C98271DD4DF9C00327AA1 /* Assets.xcassets */,
				5D4C98291DD4DF9C00327AA1 /* LaunchScreen.storyboard */,
				5D4C982C1DD4DF9C00327AA1 /* Info.plist */,
			);
			path = VirtualTourist;
			sourceTree = "<group>";
		};
		5D4C98341DD4DF9C00327AA1 /* VirtualTouristTests */ = {
			isa = PBXGroup;
			children = (
				5D4C98351DD4DF9C00327AA1 /* VirtualTouristTests.swift */,
				5D4C98371DD4DF9C00327AA1 /* Info.plist */,
			);
			path = VirtualTouristTests;
			sourceTree = "<group>";
		};
		5D4C983F1DD4DF9C00327AA1 /* VirtualTouristUITests */ = {
			isa = PBXGroup;
			children = (
				5D4C98401DD4DF9C00327AA1 /* VirtualTouristUITests.swift */,
				5D4C98421DD4DF9C00327AA1 /* Info.plist */,
			);
			path = VirtualTouristUITests;
			sourceTree = "<group>";
		};
		5D4C984E1DD4DFBA00327AA1 /* Model */ = {
			isa = PBXGroup;
			children = (
				5D8B823B1DDBB88C00DE7C5F /* FlickrClient */,
				5D2C4F221DDD127E00ADA14A /* CoreData */,
				5DDDEBA71DEF768A001947CB /* CollectionDataSource.swift */,
			);
			name = Model;
			sourceTree = "<group>";
		};
		5D5FD6521DEE151300D7819A /* Controller */ = {
			isa = PBXGroup;
			children = (
				5D4C98221DD4DF9C00327AA1 /* ViewController.swift */,
				5DDDEBA91DEF77EA001947CB /* LocationViewController.swift */,
				5D6B861C1DF085D900280FEB /* MapViewController.swift */,
			);
			name = Controller;
			sourceTree = "<group>";
		};
		5D6B86181DF0724F00280FEB /* View */ = {
			isa = PBXGroup;
			children = (
				5D6B86191DF0727800280FEB /* PhotoCell.swift */,
			);
			name = View;
			sourceTree = "<group>";
		};
		5D8B823B1DDBB88C00DE7C5F /* FlickrClient */ = {
			isa = PBXGroup;
			children = (
				5D4C984F1DD4E01800327AA1 /* FlickrClient.swift */,
				5DE95D181DDA8379002A0EA2 /* FlickrConvenience.swift */,
				5D4C98511DD4E04D00327AA1 /* FlickrConstants.swift */,
			);
			name = FlickrClient;
			sourceTree = "<group>";
		};
/* End PBXGroup section */

/* Begin PBXNativeTarget section */
		5D4C981C1DD4DF9C00327AA1 /* VirtualTourist */ = {
			isa = PBXNativeTarget;
			buildConfigurationList = 5D4C98451DD4DF9C00327AA1 /* Build configuration list for PBXNativeTarget "VirtualTourist" */;
			buildPhases = (
				5D4C98191DD4DF9C00327AA1 /* Sources */,
				5D4C981A1DD4DF9C00327AA1 /* Frameworks */,
				5D4C981B1DD4DF9C00327AA1 /* Resources */,
			);
			buildRules = (
			);
			dependencies = (
			);
			name = VirtualTourist;
			productName = VirtualTourist;
			productReference = 5D4C981D1DD4DF9C00327AA1 /* VirtualTourist.app */;
			productType = "com.apple.product-type.application";
		};
		5D4C98301DD4DF9C00327AA1 /* VirtualTouristTests */ = {
			isa = PBXNativeTarget;
			buildConfigurationList = 5D4C98481DD4DF9C00327AA1 /* Build configuration list for PBXNativeTarget "VirtualTouristTests" */;
			buildPhases = (
				5D4C982D1DD4DF9C00327AA1 /* Sources */,
				5D4C982E1DD4DF9C00327AA1 /* Frameworks */,
				5D4C982F1DD4DF9C00327AA1 /* Resources */,
			);
			buildRules = (
			);
			dependencies = (
				5D4C98331DD4DF9C00327AA1 /* PBXTargetDependency */,
			);
			name = VirtualTouristTests;
			productName = VirtualTouristTests;
			productReference = 5D4C98311DD4DF9C00327AA1 /* VirtualTouristTests.xctest */;
			productType = "com.apple.product-type.bundle.unit-test";
		};
		5D4C983B1DD4DF9C00327AA1 /* VirtualTouristUITests */ = {
			isa = PBXNativeTarget;
			buildConfigurationList = 5D4C984B1DD4DF9C00327AA1 /* Build configuration list for PBXNativeTarget "VirtualTouristUITests" */;
			buildPhases = (
				5D4C98381DD4DF9C00327AA1 /* Sources */,
				5D4C98391DD4DF9C00327AA1 /* Frameworks */,
				5D4C983A1DD4DF9C00327AA1 /* Resources */,
			);
			buildRules = (
			);
			dependencies = (
				5D4C983E1DD4DF9C00327AA1 /* PBXTargetDependency */,
			);
			name = VirtualTouristUITests;
			productName = VirtualTouristUITests;
			productReference = 5D4C983C1DD4DF9C00327AA1 /* VirtualTouristUITests.xctest */;
			productType = "com.apple.product-type.bundle.ui-testing";
		};
/* End PBXNativeTarget section */

/* Begin PBXProject section */
		5D4C98151DD4DF9B00327AA1 /* Project object */ = {
			isa = PBXProject;
			attributes = {
				LastSwiftUpdateCheck = 0810;
				LastUpgradeCheck = 0810;
				ORGANIZATIONNAME = "Joel Pratt";
				TargetAttributes = {
					5D4C981C1DD4DF9C00327AA1 = {
						CreatedOnToolsVersion = 8.1;
						ProvisioningStyle = Automatic;
					};
					5D4C98301DD4DF9C00327AA1 = {
						CreatedOnToolsVersion = 8.1;
						ProvisioningStyle = Automatic;
						TestTargetID = 5D4C981C1DD4DF9C00327AA1;
					};
					5D4C983B1DD4DF9C00327AA1 = {
						CreatedOnToolsVersion = 8.1;
						ProvisioningStyle = Automatic;
						TestTargetID = 5D4C981C1DD4DF9C00327AA1;
					};
				};
			};
			buildConfigurationList = 5D4C98181DD4DF9B00327AA1 /* Build configuration list for PBXProject "VirtualTourist" */;
			compatibilityVersion = "Xcode 3.2";
			developmentRegion = English;
			hasScannedForEncodings = 0;
			knownRegions = (
				en,
				Base,
			);
			mainGroup = 5D4C98141DD4DF9B00327AA1;
			productRefGroup = 5D4C981E1DD4DF9C00327AA1 /* Products */;
			projectDirPath = "";
			projectRoot = "";
			targets = (
				5D4C981C1DD4DF9C00327AA1 /* VirtualTourist */,
				5D4C98301DD4DF9C00327AA1 /* VirtualTouristTests */,
				5D4C983B1DD4DF9C00327AA1 /* VirtualTouristUITests */,
			);
		};
/* End PBXProject section */

/* Begin PBXResourcesBuildPhase section */
		5D4C981B1DD4DF9C00327AA1 /* Resources */ = {
			isa = PBXResourcesBuildPhase;
			buildActionMask = 2147483647;
			files = (
				5D4C982B1DD4DF9C00327AA1 /* LaunchScreen.storyboard in Resources */,
				5D4C98281DD4DF9C00327AA1 /* Assets.xcassets in Resources */,
				5D4C98261DD4DF9C00327AA1 /* Main.storyboard in Resources */,
			);
			runOnlyForDeploymentPostprocessing = 0;
		};
		5D4C982F1DD4DF9C00327AA1 /* Resources */ = {
			isa = PBXResourcesBuildPhase;
			buildActionMask = 2147483647;
			files = (
			);
			runOnlyForDeploymentPostprocessing = 0;
		};
		5D4C983A1DD4DF9C00327AA1 /* Resources */ = {
			isa = PBXResourcesBuildPhase;
			buildActionMask = 2147483647;
			files = (
			);
			runOnlyForDeploymentPostprocessing = 0;
		};
/* End PBXResourcesBuildPhase section */

/* Begin PBXSourcesBuildPhase section */
		5D4C98191DD4DF9C00327AA1 /* Sources */ = {
			isa = PBXSourcesBuildPhase;
			buildActionMask = 2147483647;
			files = (
				5D5FD6511DEE10C200D7819A /* Pin+CoreDataProperties.swift in Sources */,
				5D6B861A1DF0727800280FEB /* PhotoCell.swift in Sources */,
				5D4C98521DD4E04D00327AA1 /* FlickrConstants.swift in Sources */,
				5D5FD6501DEE10C200D7819A /* Pin.swift in Sources */,
				5DDDEBA81DEF768A001947CB /* CollectionDataSource.swift in Sources */,
				5D4C98231DD4DF9C00327AA1 /* ViewController.swift in Sources */,
				5D5FD6491DEE0F9E00D7819A /* Model.xcdatamodeld in Sources */,
				5DDDEBAA1DEF77EA001947CB /* LocationViewController.swift in Sources */,
				5DDDEBAC1DEF9205001947CB /* CoreDataStack.swift in Sources */,
				5D4C98211DD4DF9C00327AA1 /* AppDelegate.swift in Sources */,
				5DDDEBA61DEF59A3001947CB /* Store.swift in Sources */,
				5D5FD64E1DEE10C200D7819A /* Photo.swift in Sources */,
				5DE95D191DDA8379002A0EA2 /* FlickrConvenience.swift in Sources */,
				5D5FD64F1DEE10C200D7819A /* Photo+CoreDataProperties.swift in Sources */,
				5D4C98501DD4E01800327AA1 /* FlickrClient.swift in Sources */,
				5D6B861D1DF085D900280FEB /* MapViewController.swift in Sources */,
			);
			runOnlyForDeploymentPostprocessing = 0;
		};
		5D4C982D1DD4DF9C00327AA1 /* Sources */ = {
			isa = PBXSourcesBuildPhase;
			buildActionMask = 2147483647;
			files = (
				5D4C98361DD4DF9C00327AA1 /* VirtualTouristTests.swift in Sources */,
			);
			runOnlyForDeploymentPostprocessing = 0;
		};
		5D4C98381DD4DF9C00327AA1 /* Sources */ = {
			isa = PBXSourcesBuildPhase;
			buildActionMask = 2147483647;
			files = (
				5D4C98411DD4DF9C00327AA1 /* VirtualTouristUITests.swift in Sources */,
			);
			runOnlyForDeploymentPostprocessing = 0;
		};
/* End PBXSourcesBuildPhase section */

/* Begin PBXTargetDependency section */
		5D4C98331DD4DF9C00327AA1 /* PBXTargetDependency */ = {
			isa = PBXTargetDependency;
			target = 5D4C981C1DD4DF9C00327AA1 /* VirtualTourist */;
			targetProxy = 5D4C98321DD4DF9C00327AA1 /* PBXContainerItemProxy */;
		};
		5D4C983E1DD4DF9C00327AA1 /* PBXTargetDependency */ = {
			isa = PBXTargetDependency;
			target = 5D4C981C1DD4DF9C00327AA1 /* VirtualTourist */;
			targetProxy = 5D4C983D1DD4DF9C00327AA1 /* PBXContainerItemProxy */;
		};
/* End PBXTargetDependency section */

/* Begin PBXVariantGroup section */
		5D4C98241DD4DF9C00327AA1 /* Main.storyboard */ = {
			isa = PBXVariantGroup;
			children = (
				5D4C98251DD4DF9C00327AA1 /* Base */,
			);
			name = Main.storyboard;
			sourceTree = "<group>";
		};
		5D4C98291DD4DF9C00327AA1 /* LaunchScreen.storyboard */ = {
			isa = PBXVariantGroup;
			children = (
				5D4C982A1DD4DF9C00327AA1 /* Base */,
			);
			name = LaunchScreen.storyboard;
			sourceTree = "<group>";
		};
/* End PBXVariantGroup section */

/* Begin XCBuildConfiguration section */
		5D4C98431DD4DF9C00327AA1 /* Debug */ = {
			isa = XCBuildConfiguration;
			buildSettings = {
				ALWAYS_SEARCH_USER_PATHS = NO;
				CLANG_ANALYZER_NONNULL = YES;
				CLANG_CXX_LANGUAGE_STANDARD = "gnu++0x";
				CLANG_CXX_LIBRARY = "libc++";
				CLANG_ENABLE_MODULES = YES;
				CLANG_ENABLE_OBJC_ARC = YES;
				CLANG_WARN_BOOL_CONVERSION = YES;
				CLANG_WARN_CONSTANT_CONVERSION = YES;
				CLANG_WARN_DIRECT_OBJC_ISA_USAGE = YES_ERROR;
				CLANG_WARN_DOCUMENTATION_COMMENTS = YES;
				CLANG_WARN_EMPTY_BODY = YES;
				CLANG_WARN_ENUM_CONVERSION = YES;
				CLANG_WARN_INFINITE_RECURSION = YES;
				CLANG_WARN_INT_CONVERSION = YES;
				CLANG_WARN_OBJC_ROOT_CLASS = YES_ERROR;
				CLANG_WARN_SUSPICIOUS_MOVES = YES;
				CLANG_WARN_UNREACHABLE_CODE = YES;
				CLANG_WARN__DUPLICATE_METHOD_MATCH = YES;
				"CODE_SIGN_IDENTITY[sdk=iphoneos*]" = "iPhone Developer";
				COPY_PHASE_STRIP = NO;
				DEBUG_INFORMATION_FORMAT = dwarf;
				ENABLE_STRICT_OBJC_MSGSEND = YES;
				ENABLE_TESTABILITY = YES;
				GCC_C_LANGUAGE_STANDARD = gnu99;
				GCC_DYNAMIC_NO_PIC = NO;
				GCC_NO_COMMON_BLOCKS = YES;
				GCC_OPTIMIZATION_LEVEL = 0;
				GCC_PREPROCESSOR_DEFINITIONS = (
					"DEBUG=1",
					"$(inherited)",
				);
				GCC_WARN_64_TO_32_BIT_CONVERSION = YES;
				GCC_WARN_ABOUT_RETURN_TYPE = YES_ERROR;
				GCC_WARN_UNDECLARED_SELECTOR = YES;
				GCC_WARN_UNINITIALIZED_AUTOS = YES_AGGRESSIVE;
				GCC_WARN_UNUSED_FUNCTION = YES;
				GCC_WARN_UNUSED_VARIABLE = YES;
				IPHONEOS_DEPLOYMENT_TARGET = 10.1;
				MTL_ENABLE_DEBUG_INFO = YES;
				ONLY_ACTIVE_ARCH = YES;
				SDKROOT = iphoneos;
				SWIFT_ACTIVE_COMPILATION_CONDITIONS = DEBUG;
				SWIFT_OPTIMIZATION_LEVEL = "-Onone";
			};
			name = Debug;
		};
		5D4C98441DD4DF9C00327AA1 /* Release */ = {
			isa = XCBuildConfiguration;
			buildSettings = {
				ALWAYS_SEARCH_USER_PATHS = NO;
				CLANG_ANALYZER_NONNULL = YES;
				CLANG_CXX_LANGUAGE_STANDARD = "gnu++0x";
				CLANG_CXX_LIBRARY = "libc++";
				CLANG_ENABLE_MODULES = YES;
				CLANG_ENABLE_OBJC_ARC = YES;
				CLANG_WARN_BOOL_CONVERSION = YES;
				CLANG_WARN_CONSTANT_CONVERSION = YES;
				CLANG_WARN_DIRECT_OBJC_ISA_USAGE = YES_ERROR;
				CLANG_WARN_DOCUMENTATION_COMMENTS = YES;
				CLANG_WARN_EMPTY_BODY = YES;
				CLANG_WARN_ENUM_CONVERSION = YES;
				CLANG_WARN_INFINITE_RECURSION = YES;
				CLANG_WARN_INT_CONVERSION = YES;
				CLANG_WARN_OBJC_ROOT_CLASS = YES_ERROR;
				CLANG_WARN_SUSPICIOUS_MOVES = YES;
				CLANG_WARN_UNREACHABLE_CODE = YES;
				CLANG_WARN__DUPLICATE_METHOD_MATCH = YES;
				"CODE_SIGN_IDENTITY[sdk=iphoneos*]" = "iPhone Developer";
				COPY_PHASE_STRIP = NO;
				DEBUG_INFORMATION_FORMAT = "dwarf-with-dsym";
				ENABLE_NS_ASSERTIONS = NO;
				ENABLE_STRICT_OBJC_MSGSEND = YES;
				GCC_C_LANGUAGE_STANDARD = gnu99;
				GCC_NO_COMMON_BLOCKS = YES;
				GCC_WARN_64_TO_32_BIT_CONVERSION = YES;
				GCC_WARN_ABOUT_RETURN_TYPE = YES_ERROR;
				GCC_WARN_UNDECLARED_SELECTOR = YES;
				GCC_WARN_UNINITIALIZED_AUTOS = YES_AGGRESSIVE;
				GCC_WARN_UNUSED_FUNCTION = YES;
				GCC_WARN_UNUSED_VARIABLE = YES;
				IPHONEOS_DEPLOYMENT_TARGET = 10.1;
				MTL_ENABLE_DEBUG_INFO = NO;
				SDKROOT = iphoneos;
				SWIFT_OPTIMIZATION_LEVEL = "-Owholemodule";
				VALIDATE_PRODUCT = YES;
			};
			name = Release;
		};
		5D4C98461DD4DF9C00327AA1 /* Debug */ = {
			isa = XCBuildConfiguration;
			buildSettings = {
				ASSETCATALOG_COMPILER_APPICON_NAME = AppIcon;
				INFOPLIST_FILE = VirtualTourist/Info.plist;
				LD_RUNPATH_SEARCH_PATHS = "$(inherited) @executable_path/Frameworks";
				PRODUCT_BUNDLE_IDENTIFIER = com.joelpratt.VirtualTourist;
				PRODUCT_NAME = "$(TARGET_NAME)";
				SWIFT_VERSION = 3.0;
			};
			name = Debug;
		};
		5D4C98471DD4DF9C00327AA1 /* Release */ = {
			isa = XCBuildConfiguration;
			buildSettings = {
				ASSETCATALOG_COMPILER_APPICON_NAME = AppIcon;
				INFOPLIST_FILE = VirtualTourist/Info.plist;
				LD_RUNPATH_SEARCH_PATHS = "$(inherited) @executable_path/Frameworks";
				PRODUCT_BUNDLE_IDENTIFIER = com.joelpratt.VirtualTourist;
				PRODUCT_NAME = "$(TARGET_NAME)";
				SWIFT_VERSION = 3.0;
			};
			name = Release;
		};
		5D4C98491DD4DF9C00327AA1 /* Debug */ = {
			isa = XCBuildConfiguration;
			buildSettings = {
				ALWAYS_EMBED_SWIFT_STANDARD_LIBRARIES = YES;
				BUNDLE_LOADER = "$(TEST_HOST)";
				INFOPLIST_FILE = VirtualTouristTests/Info.plist;
				LD_RUNPATH_SEARCH_PATHS = "$(inherited) @executable_path/Frameworks @loader_path/Frameworks";
				PRODUCT_BUNDLE_IDENTIFIER = com.joelpratt.VirtualTouristTests;
				PRODUCT_NAME = "$(TARGET_NAME)";
				SWIFT_VERSION = 3.0;
				TEST_HOST = "$(BUILT_PRODUCTS_DIR)/VirtualTourist.app/VirtualTourist";
			};
			name = Debug;
		};
		5D4C984A1DD4DF9C00327AA1 /* Release */ = {
			isa = XCBuildConfiguration;
			buildSettings = {
				ALWAYS_EMBED_SWIFT_STANDARD_LIBRARIES = YES;
				BUNDLE_LOADER = "$(TEST_HOST)";
				INFOPLIST_FILE = VirtualTouristTests/Info.plist;
				LD_RUNPATH_SEARCH_PATHS = "$(inherited) @executable_path/Frameworks @loader_path/Frameworks";
				PRODUCT_BUNDLE_IDENTIFIER = com.joelpratt.VirtualTouristTests;
				PRODUCT_NAME = "$(TARGET_NAME)";
				SWIFT_VERSION = 3.0;
				TEST_HOST = "$(BUILT_PRODUCTS_DIR)/VirtualTourist.app/VirtualTourist";
			};
			name = Release;
		};
		5D4C984C1DD4DF9C00327AA1 /* Debug */ = {
			isa = XCBuildConfiguration;
			buildSettings = {
				ALWAYS_EMBED_SWIFT_STANDARD_LIBRARIES = YES;
				INFOPLIST_FILE = VirtualTouristUITests/Info.plist;
				LD_RUNPATH_SEARCH_PATHS = "$(inherited) @executable_path/Frameworks @loader_path/Frameworks";
				PRODUCT_BUNDLE_IDENTIFIER = com.joelpratt.VirtualTouristUITests;
				PRODUCT_NAME = "$(TARGET_NAME)";
				SWIFT_VERSION = 3.0;
				TEST_TARGET_NAME = VirtualTourist;
			};
			name = Debug;
		};
		5D4C984D1DD4DF9C00327AA1 /* Release */ = {
			isa = XCBuildConfiguration;
			buildSettings = {
				ALWAYS_EMBED_SWIFT_STANDARD_LIBRARIES = YES;
				INFOPLIST_FILE = VirtualTouristUITests/Info.plist;
				LD_RUNPATH_SEARCH_PATHS = "$(inherited) @executable_path/Frameworks @loader_path/Frameworks";
				PRODUCT_BUNDLE_IDENTIFIER = com.joelpratt.VirtualTouristUITests;
				PRODUCT_NAME = "$(TARGET_NAME)";
				SWIFT_VERSION = 3.0;
				TEST_TARGET_NAME = VirtualTourist;
			};
			name = Release;
		};
/* End XCBuildConfiguration section */

/* Begin XCConfigurationList section */
		5D4C98181DD4DF9B00327AA1 /* Build configuration list for PBXProject "VirtualTourist" */ = {
			isa = XCConfigurationList;
			buildConfigurations = (
				5D4C98431DD4DF9C00327AA1 /* Debug */,
				5D4C98441DD4DF9C00327AA1 /* Release */,
			);
			defaultConfigurationIsVisible = 0;
			defaultConfigurationName = Release;
		};
		5D4C98451DD4DF9C00327AA1 /* Build configuration list for PBXNativeTarget "VirtualTourist" */ = {
			isa = XCConfigurationList;
			buildConfigurations = (
				5D4C98461DD4DF9C00327AA1 /* Debug */,
				5D4C98471DD4DF9C00327AA1 /* Release */,
			);
			defaultConfigurationIsVisible = 0;
			defaultConfigurationName = Release;
		};
		5D4C98481DD4DF9C00327AA1 /* Build configuration list for PBXNativeTarget "VirtualTouristTests" */ = {
			isa = XCConfigurationList;
			buildConfigurations = (
				5D4C98491DD4DF9C00327AA1 /* Debug */,
				5D4C984A1DD4DF9C00327AA1 /* Release */,
			);
			defaultConfigurationIsVisible = 0;
			defaultConfigurationName = Release;
		};
		5D4C984B1DD4DF9C00327AA1 /* Build configuration list for PBXNativeTarget "VirtualTouristUITests" */ = {
			isa = XCConfigurationList;
			buildConfigurations = (
				5D4C984C1DD4DF9C00327AA1 /* Debug */,
				5D4C984D1DD4DF9C00327AA1 /* Release */,
			);
			defaultConfigurationIsVisible = 0;
			defaultConfigurationName = Release;
		};
/* End XCConfigurationList section */

/* Begin XCVersionGroup section */
		5D5FD6471DEE0F9E00D7819A /* Model.xcdatamodeld */ = {
			isa = XCVersionGroup;
			children = (
				5D6B861E1DF0999B00280FEB /* Model3.xcdatamodel */,
				5D6B861B1DF07BFF00280FEB /* Model2.xcdatamodel */,
				5D5FD6481DEE0F9E00D7819A /* Model.xcdatamodel */,
			);
			currentVersion = 5D6B861E1DF0999B00280FEB /* Model3.xcdatamodel */;
			path = Model.xcdatamodeld;
			sourceTree = "<group>";
			versionGroupType = wrapper.xcdatamodel;
		};
/* End XCVersionGroup section */
	};
	rootObject = 5D4C98151DD4DF9B00327AA1 /* Project object */;
}
